# This file is automatically @generated by Cargo.
# It is not intended for manual editing.
version = 3

[[package]]
name = "bitmapref"
version = "0.0.1"
dependencies = [
 "byte-slice-cast",
]

[[package]]
name = "byte-slice-cast"
version = "1.2.1"
source = "registry+https://github.com/rust-lang/crates.io-index"
checksum = "87c5fdd0166095e1d463fc6cc01aa8ce547ad77a4e84d42eb6762b084e28067e"
